{
  "name": "@kingstea/vitae-aspernatur-incidunt",
  "version": "1.0.0",
  "lockfileVersion": 3,
  "requires": true,
  "packages": {
    "": {
      "name": "@kingstea/vitae-aspernatur-incidunt",
      "version": "1.0.0",
      "license": "MIT",
      "dependencies": {
        "@kingstea/bug-free-octo-waddle": "^1.0.0",
        "@kingstea/consequuntur-reiciendis-explicabo": "^1.0.0",
        "@kingstea/dolorem-facilis-laudantium": "^1.0.0",
        "@kingstea/eius-praesentium-nostrum": "^1.0.0",
        "@kingstea/possimus-repellendus-animi": "^1.0.0",
        "@kingstea/quam-in-occaecati": "^1.0.0",
        "@kingstea/quis-aspernatur-dolorum": "^1.0.0",
        "@kingstea/quisquam-laudantium-tempore": "^1.0.0",
        "@kingstea/rerum-repellat-omnis": "^1.0.0",
        "@kingstea/sint-dolorum-cumque": "^1.0.0",
        "@kingstea/vero-consectetur-ab": "^1.0.0"
      }
    },
    "node_modules/@kingstea/bug-free-octo-waddle": {
      "version": "1.0.0",
      "resolved": "https://registry.npmjs.org/@kingstea/bug-free-octo-waddle/-/bug-free-octo-waddle-1.0.0.tgz",
      "integrity": "sha512-NMM45UfVU32MaE7AXACsCRJM+KKXFYFCyh7a2glM1+X9HXkXspaazzqjb04/y4ZztlzOr4gvGt5tC2cy+EhV9Q==",
      "dependencies": {
        "@kingstea/consequuntur-reiciendis-explicabo": "^1.0.0",
        "@kingstea/dolorem-facilis-laudantium": "^1.0.0",
        "@kingstea/rerum-repellat-omnis": "^1.0.0"
      }
    },
    "node_modules/@kingstea/consequuntur-reiciendis-explicabo": {
      "version": "1.0.0",
      "resolved": "https://registry.npmjs.org/@kingstea/consequuntur-reiciendis-explicabo/-/consequuntur-reiciendis-explicabo-1.0.0.tgz",
      "integrity": "sha512-fShJ5ymM7JcGhaq3qF2z9mJIQdVLtB+4xDTel22mZEclNASMRjj0b2VTgDbtBQDRcjoZpl7TB5HZ03I81O5JGQ==",
      "dependencies": {
        "@kingstea/dolorem-facilis-laudantium": "^1.0.0",
        "@kingstea/rerum-repellat-omnis": "^1.0.0",
        "@kingstea/studious-guacamole": "^1.0.0"
      }
    },
    "node_modules/@kingstea/dolorem-facilis-laudantium": {
      "version": "1.0.0",
      "resolved": "https://registry.npmjs.org/@kingstea/dolorem-facilis-laudantium/-/dolorem-facilis-laudantium-1.0.0.tgz",
      "integrity": "sha512-dlGW1x7GwvQrYFTD8rbUSsjzj0byxWRFGZBm3vARuSljv7HMus26rZITWlTlibL3On1H3Vgpmmcj3Y9Xk3xlLg==",
      "dependencies": {
        "@kingstea/studious-guacamole": "^1.0.0"
      }
    },
    "node_modules/@kingstea/eius-praesentium-nostrum": {
      "version": "1.0.0",
      "resolved": "https://registry.npmjs.org/@kingstea/eius-praesentium-nostrum/-/eius-praesentium-nostrum-1.0.0.tgz",
      "integrity": "sha512-jmO5GnXkhRN/2g7bZCXyJIIPtaE9BvmG+w/gAN+6evQIvei+XG9xa3jXENZFKzlW4qUYZpMOXizm2JWfmvUcGg==",
      "dependencies": {
        "@kingstea/bug-free-octo-waddle": "^1.0.0",
        "@kingstea/consequuntur-reiciendis-explicabo": "^1.0.0",
        "@kingstea/dolorem-facilis-laudantium": "^1.0.0",
        "@kingstea/quam-in-occaecati": "^1.0.0",
        "@kingstea/quisquam-laudantium-tempore": "^1.0.0",
        "@kingstea/rerum-repellat-omnis": "^1.0.0",
        "@kingstea/vero-consectetur-ab": "^1.0.0"
      }
    },
    "node_modules/@kingstea/possimus-repellendus-animi": {
      "version": "1.0.0",
      "resolved": "https://registry.npmjs.org/@kingstea/possimus-repellendus-animi/-/possimus-repellendus-animi-1.0.0.tgz",
      "integrity": "sha512-XKwSFVx2la+9vPqwXrAK97JJv7W9ur6ZOK1d8DdwdCZjWbwCW/qD4mjmCyGnsP9rH89OOXIJok1JBSayANFkdQ==",
      "dependencies": {
        "@kingstea/bug-free-octo-waddle": "^1.0.0",
        "@kingstea/consequuntur-reiciendis-explicabo": "^1.0.0",
        "@kingstea/dolorem-facilis-laudantium": "^1.0.0",
        "@kingstea/eius-praesentium-nostrum": "^1.0.0",
        "@kingstea/quam-in-occaecati": "^1.0.0",
        "@kingstea/quis-aspernatur-dolorum": "^1.0.0",
        "@kingstea/quisquam-laudantium-tempore": "^1.0.0",
        "@kingstea/rerum-repellat-omnis": "^1.0.0",
        "@kingstea/sint-dolorum-cumque": "^1.0.0",
        "@kingstea/vero-consectetur-ab": "^1.0.0"
      }
    },
    "node_modules/@kingstea/quam-in-occaecati": {
      "version": "1.0.0",
      "resolved": "https://registry.npmjs.org/@kingstea/quam-in-occaecati/-/quam-in-occaecati-1.0.0.tgz",
      "integrity": "sha512-BdJdyAYWkpN6b3cBwzruVfTljLaMa8Fj4Q7LuYFsexpz3XoeFa5eW9AqZ2u/i9JpcDsA8rXRqG+E71udacAK3w==",
      "dependencies": {
        "@kingstea/bug-free-octo-waddle": "^1.0.0",
        "@kingstea/consequuntur-reiciendis-explicabo": "^1.0.0",
        "@kingstea/dolorem-facilis-laudantium": "^1.0.0",
        "@kingstea/quisquam-laudantium-tempore": "^1.0.0",
        "@kingstea/rerum-repellat-omnis": "^1.0.0"
      }
    },
    "node_modules/@kingstea/quis-aspernatur-dolorum": {
      "version": "1.0.0",
      "resolved": "https://registry.npmjs.org/@kingstea/quis-aspernatur-dolorum/-/quis-aspernatur-dolorum-1.0.0.tgz",
      "integrity": "sha512-wihcKx4jlYnEzLkkPP/i1ZhuKjaBA7BSABa1Y4wGehczsFQ3h+uB0CS3uAK/CVlJF/XxAFk5Tv3UDzXvJrjgGA==",
      "dependencies": {
        "@kingstea/bug-free-octo-waddle": "^1.0.0",
        "@kingstea/consequuntur-reiciendis-explicabo": "^1.0.0",
        "@kingstea/dolorem-facilis-laudantium": "^1.0.0",
        "@kingstea/eius-praesentium-nostrum": "^1.0.0",
        "@kingstea/quam-in-occaecati": "^1.0.0",
        "@kingstea/quisquam-laudantium-tempore": "^1.0.0",
        "@kingstea/rerum-repellat-omnis": "^1.0.0",
        "@kingstea/sint-dolorum-cumque": "^1.0.0",
        "@kingstea/vero-consectetur-ab": "^1.0.0"
      }
    },
    "node_modules/@kingstea/quisquam-laudantium-tempore": {
      "version": "1.0.0",
      "resolved": "https://registry.npmjs.org/@kingstea/quisquam-laudantium-tempore/-/quisquam-laudantium-tempore-1.0.0.tgz",
      "integrity": "sha512-gEsLtS6mHciZ+p4lh7oPpRCLWKSUGDu0hkO2Dg+sXvihr5UO2LVDQ7KOoHNYVyLX6GE9Zeq9dhdCSNYm4i1xwA==",
      "dependencies": {
        "@kingstea/bug-free-octo-waddle": "^1.0.0",
        "@kingstea/consequuntur-reiciendis-explicabo": "^1.0.0",
        "@kingstea/dolorem-facilis-laudantium": "^1.0.0",
        "@kingstea/rerum-repellat-omnis": "^1.0.0"
      }
    },
    "node_modules/@kingstea/rerum-repellat-omnis": {
      "version": "1.0.0",
      "resolved": "https://registry.npmjs.org/@kingstea/rerum-repellat-omnis/-/rerum-repellat-omnis-1.0.0.tgz",
      "integrity": "sha512-WMcMztskUn0H8vjTNivVM/yQrJ56hPxmMIkZmuoBwX4dbQAUqvQKst6F2eGKOScSyzxI+mZoXvN3ts5gzkBmRQ==",
      "dependencies": {
        "@kingstea/dolorem-facilis-laudantium": "^1.0.0",
        "@kingstea/studious-guacamole": "^1.0.0"
      }
    },
    "node_modules/@kingstea/sint-dolorum-cumque": {
      "version": "1.0.0",
      "resolved": "https://registry.npmjs.org/@kingstea/sint-dolorum-cumque/-/sint-dolorum-cumque-1.0.0.tgz",
      "integrity": "sha512-ophDdT0QjIso8MEEloy73WvJ1MjtpFgUQcgtMHbKsmnaBQp+ZtcI/z+Y5rfJ0/CTm/GTqvnDvm8o1t5otoYl2Q==",
      "dependencies": {
        "@kingstea/bug-free-octo-waddle": "^1.0.0",
        "@kingstea/consequuntur-reiciendis-explicabo": "^1.0.0",
        "@kingstea/dolorem-facilis-laudantium": "^1.0.0",
        "@kingstea/eius-praesentium-nostrum": "^1.0.0",
        "@kingstea/quam-in-occaecati": "^1.0.0",
        "@kingstea/quisquam-laudantium-tempore": "^1.0.0",
        "@kingstea/rerum-repellat-omnis": "^1.0.0",
        "@kingstea/vero-consectetur-ab": "^1.0.0"
      }
    },
    "node_modules/@kingstea/studious-guacamole": {
      "version": "1.0.0",
      "resolved": "https://registry.npmjs.org/@kingstea/studious-guacamole/-/studious-guacamole-1.0.0.tgz",
      "integrity": "sha512-3CWhosYL9klJAtqSe5SkbMdX9AovUGZdGJzCIGtL+H6KWJzjxJ4OSz+AFkDPAc4QgYPpkGHcsO9amKmnTu9HHA=="
    },
    "node_modules/@kingstea/vero-consectetur-ab": {
      "version": "1.0.0",
      "resolved": "https://registry.npmjs.org/@kingstea/vero-consectetur-ab/-/vero-consectetur-ab-1.0.0.tgz",
      "integrity": "sha512-VWB6ubsCSqC49B5iGHZIgpAyVYvUPx956Y4zg/kZTppS8yxxwDyx68NwkQD/7BeLVsZtFNboxTWkoNN4DxAWqg==",
      "dependencies": {
        "@kingstea/bug-free-octo-waddle": "^1.0.0",
        "@kingstea/consequuntur-reiciendis-explicabo": "^1.0.0",
        "@kingstea/dolorem-facilis-laudantium": "^1.0.0",
        "@kingstea/quam-in-occaecati": "^1.0.0",
        "@kingstea/quisquam-laudantium-tempore": "^1.0.0",
        "@kingstea/rerum-repellat-omnis": "^1.0.0"
      }
    }
  }
}
